
Microsoft Visual Studio Solution File, Format Version 12.00
# Visual Studio Version 16
VisualStudioVersion = 16.0.29728.190
MinimumVisualStudioVersion = 10.0.40219.1
Project("{2150E333-8FDC-42A3-9474-1A3956D46DE8}") = "Task", "Task", "{2BB59F42-A1D7-447D-AD51-7DE6E88D6E7F}"
EndProject
Project("{2150E333-8FDC-42A3-9474-1A3956D46DE8}") = "Solution Items", "Solution Items", "{80B9CE32-4C27-42B1-B147-C6DBC9889206}"
	ProjectSection(SolutionItems) = preProject
		.editorconfig = .editorconfig
		.gitattributes = .gitattributes
		.gitignore = .gitignore
		IDA.sln.bak = IDA.sln.bak
	EndProjectSection
EndProject
Project("{FAE04EC0-301F-11D3-BF4B-00C04F79EFBC}") = "FloorCutsNew", "FloorCutsNew\FloorCutsNew.csproj", "{49A1D80A-314F-44E1-8F3F-DD801E45DD06}"
EndProject
Project("{FAE04EC0-301F-11D3-BF4B-00C04F79EFBC}") = "CMIRReport", "CMIRReport\CMIRReport.csproj", "{FABE9657-B939-42D5-80D3-2B13FAF043A6}"
EndProject
Project("{FAE04EC0-301F-11D3-BF4B-00C04F79EFBC}") = "IDAUtil", "IDAUtil\IDAUtil.csproj", "{72E49D03-D52B-02EF-1A76-ABE4C9E02C47}"
EndProject
Project("{FAE04EC0-301F-11D3-BF4B-00C04F79EFBC}") = "RDD", "RDD\RDD.csproj", "{5802E9D0-D816-0ADF-1378-59957D804758}"
EndProject
Project("{FAE04EC0-301F-11D3-BF4B-00C04F79EFBC}") = "DeliveryBlocks", "DeliveryBlocks\DeliveryBlocks.csproj", "{EB7FDE04-1593-476C-B408-F35301D2423D}"
EndProject
Global
	GlobalSection(SolutionConfigurationPlatforms) = preSolution
		DC|Any CPU = DC|Any CPU
		DC|x64 = DC|x64
		DC|x86 = DC|x86
		Debug|Any CPU = Debug|Any CPU
		Debug|x64 = Debug|x64
		Debug|x86 = Debug|x86
		DebugCopy|Any CPU = DebugCopy|Any CPU
		DebugCopy|x64 = DebugCopy|x64
		DebugCopy|x86 = DebugCopy|x86
		Release|Any CPU = Release|Any CPU
		Release|x64 = Release|x64
		Release|x86 = Release|x86
	EndGlobalSection
	GlobalSection(ProjectConfigurationPlatforms) = postSolution
		{49A1D80A-314F-44E1-8F3F-DD801E45DD06}.DC|Any CPU.ActiveCfg = Debug|Any CPU
		{49A1D80A-314F-44E1-8F3F-DD801E45DD06}.DC|Any CPU.Build.0 = Debug|Any CPU
		{49A1D80A-314F-44E1-8F3F-DD801E45DD06}.DC|x64.ActiveCfg = Debug|Any CPU
		{49A1D80A-314F-44E1-8F3F-DD801E45DD06}.DC|x64.Build.0 = Debug|Any CPU
		{49A1D80A-314F-44E1-8F3F-DD801E45DD06}.DC|x86.ActiveCfg = Debug|Any CPU
		{49A1D80A-314F-44E1-8F3F-DD801E45DD06}.DC|x86.Build.0 = Debug|Any CPU
		{49A1D80A-314F-44E1-8F3F-DD801E45DD06}.Debug|Any CPU.ActiveCfg = Debug|Any CPU
		{49A1D80A-314F-44E1-8F3F-DD801E45DD06}.Debug|Any CPU.Build.0 = Debug|Any CPU
		{49A1D80A-314F-44E1-8F3F-DD801E45DD06}.Debug|x64.ActiveCfg = Debug|Any CPU
		{49A1D80A-314F-44E1-8F3F-DD801E45DD06}.Debug|x64.Build.0 = Debug|Any CPU
		{49A1D80A-314F-44E1-8F3F-DD801E45DD06}.Debug|x86.ActiveCfg = Debug|Any CPU
		{49A1D80A-314F-44E1-8F3F-DD801E45DD06}.Debug|x86.Build.0 = Debug|Any CPU
		{49A1D80A-314F-44E1-8F3F-DD801E45DD06}.DebugCopy|Any CPU.ActiveCfg = Debug|Any CPU
		{49A1D80A-314F-44E1-8F3F-DD801E45DD06}.DebugCopy|Any CPU.Build.0 = Debug|Any CPU
		{49A1D80A-314F-44E1-8F3F-DD801E45DD06}.DebugCopy|x64.ActiveCfg = Debug|Any CPU
		{49A1D80A-314F-44E1-8F3F-DD801E45DD06}.DebugCopy|x64.Build.0 = Debug|Any CPU
		{49A1D80A-314F-44E1-8F3F-DD801E45DD06}.DebugCopy|x86.ActiveCfg = Debug|Any CPU
		{49A1D80A-314F-44E1-8F3F-DD801E45DD06}.DebugCopy|x86.Build.0 = Debug|Any CPU
		{49A1D80A-314F-44E1-8F3F-DD801E45DD06}.Release|Any CPU.ActiveCfg = Release|Any CPU
		{49A1D80A-314F-44E1-8F3F-DD801E45DD06}.Release|Any CPU.Build.0 = Release|Any CPU
		{49A1D80A-314F-44E1-8F3F-DD801E45DD06}.Release|x64.ActiveCfg = Release|Any CPU
		{49A1D80A-314F-44E1-8F3F-DD801E45DD06}.Release|x64.Build.0 = Release|Any CPU
		{49A1D80A-314F-44E1-8F3F-DD801E45DD06}.Release|x86.ActiveCfg = Release|Any CPU
		{49A1D80A-314F-44E1-8F3F-DD801E45DD06}.Release|x86.Build.0 = Release|Any CPU
		{FABE9657-B939-42D5-80D3-2B13FAF043A6}.DC|Any CPU.ActiveCfg = DC|Any CPU
		{FABE9657-B939-42D5-80D3-2B13FAF043A6}.DC|Any CPU.Build.0 = DC|Any CPU
		{FABE9657-B939-42D5-80D3-2B13FAF043A6}.DC|x64.ActiveCfg = DC|Any CPU
		{FABE9657-B939-42D5-80D3-2B13FAF043A6}.DC|x64.Build.0 = DC|Any CPU
		{FABE9657-B939-42D5-80D3-2B13FAF043A6}.DC|x86.ActiveCfg = DC|Any CPU
		{FABE9657-B939-42D5-80D3-2B13FAF043A6}.DC|x86.Build.0 = DC|Any CPU
		{FABE9657-B939-42D5-80D3-2B13FAF043A6}.Debug|Any CPU.ActiveCfg = Debug|Any CPU
		{FABE9657-B939-42D5-80D3-2B13FAF043A6}.Debug|Any CPU.Build.0 = Debug|Any CPU
		{FABE9657-B939-42D5-80D3-2B13FAF043A6}.Debug|x64.ActiveCfg = Debug|Any CPU
		{FABE9657-B939-42D5-80D3-2B13FAF043A6}.Debug|x64.Build.0 = Debug|Any CPU
		{FABE9657-B939-42D5-80D3-2B13FAF043A6}.Debug|x86.ActiveCfg = Debug|Any CPU
		{FABE9657-B939-42D5-80D3-2B13FAF043A6}.Debug|x86.Build.0 = Debug|Any CPU
		{FABE9657-B939-42D5-80D3-2B13FAF043A6}.DebugCopy|Any CPU.ActiveCfg = DebugCopy|Any CPU
		{FABE9657-B939-42D5-80D3-2B13FAF043A6}.DebugCopy|Any CPU.Build.0 = DebugCopy|Any CPU
		{FABE9657-B939-42D5-80D3-2B13FAF043A6}.DebugCopy|x64.ActiveCfg = DebugCopy|Any CPU
		{FABE9657-B939-42D5-80D3-2B13FAF043A6}.DebugCopy|x64.Build.0 = DebugCopy|Any CPU
		{FABE9657-B939-42D5-80D3-2B13FAF043A6}.DebugCopy|x86.ActiveCfg = DebugCopy|Any CPU
		{FABE9657-B939-42D5-80D3-2B13FAF043A6}.DebugCopy|x86.Build.0 = DebugCopy|Any CPU
		{FABE9657-B939-42D5-80D3-2B13FAF043A6}.Release|Any CPU.ActiveCfg = Release|Any CPU
		{FABE9657-B939-42D5-80D3-2B13FAF043A6}.Release|Any CPU.Build.0 = Release|Any CPU
		{FABE9657-B939-42D5-80D3-2B13FAF043A6}.Release|x64.ActiveCfg = Release|Any CPU
		{FABE9657-B939-42D5-80D3-2B13FAF043A6}.Release|x64.Build.0 = Release|Any CPU
		{FABE9657-B939-42D5-80D3-2B13FAF043A6}.Release|x86.ActiveCfg = Release|Any CPU
		{FABE9657-B939-42D5-80D3-2B13FAF043A6}.Release|x86.Build.0 = Release|Any CPU
		{72E49D03-D52B-02EF-1A76-ABE4C9E02C47}.DC|Any CPU.ActiveCfg = DebugCopy|Any CPU
		{72E49D03-D52B-02EF-1A76-ABE4C9E02C47}.DC|Any CPU.Build.0 = DebugCopy|Any CPU
		{72E49D03-D52B-02EF-1A76-ABE4C9E02C47}.DC|x64.ActiveCfg = DebugCopy|Any CPU
		{72E49D03-D52B-02EF-1A76-ABE4C9E02C47}.DC|x64.Build.0 = DebugCopy|Any CPU
		{72E49D03-D52B-02EF-1A76-ABE4C9E02C47}.DC|x86.ActiveCfg = DebugCopy|Any CPU
		{72E49D03-D52B-02EF-1A76-ABE4C9E02C47}.DC|x86.Build.0 = DebugCopy|Any CPU
		{72E49D03-D52B-02EF-1A76-ABE4C9E02C47}.Debug|Any CPU.ActiveCfg = Debug|Any CPU
		{72E49D03-D52B-02EF-1A76-ABE4C9E02C47}.Debug|Any CPU.Build.0 = Debug|Any CPU
		{72E49D03-D52B-02EF-1A76-ABE4C9E02C47}.Debug|x64.ActiveCfg = Debug|Any CPU
		{72E49D03-D52B-02EF-1A76-ABE4C9E02C47}.Debug|x64.Build.0 = Debug|Any CPU
		{72E49D03-D52B-02EF-1A76-ABE4C9E02C47}.Debug|x86.ActiveCfg = Debug|Any CPU
		{72E49D03-D52B-02EF-1A76-ABE4C9E02C47}.Debug|x86.Build.0 = Debug|Any CPU
		{72E49D03-D52B-02EF-1A76-ABE4C9E02C47}.DebugCopy|Any CPU.ActiveCfg = DebugCopy|Any CPU
		{72E49D03-D52B-02EF-1A76-ABE4C9E02C47}.DebugCopy|Any CPU.Build.0 = DebugCopy|Any CPU
		{72E49D03-D52B-02EF-1A76-ABE4C9E02C47}.DebugCopy|x64.ActiveCfg = DebugCopy|Any CPU
		{72E49D03-D52B-02EF-1A76-ABE4C9E02C47}.DebugCopy|x64.Build.0 = DebugCopy|Any CPU
		{72E49D03-D52B-02EF-1A76-ABE4C9E02C47}.DebugCopy|x86.ActiveCfg = DebugCopy|Any CPU
		{72E49D03-D52B-02EF-1A76-ABE4C9E02C47}.DebugCopy|x86.Build.0 = DebugCopy|Any CPU
		{72E49D03-D52B-02EF-1A76-ABE4C9E02C47}.Release|Any CPU.ActiveCfg = Release|Any CPU
		{72E49D03-D52B-02EF-1A76-ABE4C9E02C47}.Release|Any CPU.Build.0 = Release|Any CPU
		{72E49D03-D52B-02EF-1A76-ABE4C9E02C47}.Release|x64.ActiveCfg = Release|Any CPU
		{72E49D03-D52B-02EF-1A76-ABE4C9E02C47}.Release|x64.Build.0 = Release|Any CPU
		{72E49D03-D52B-02EF-1A76-ABE4C9E02C47}.Release|x86.ActiveCfg = Release|Any CPU
		{72E49D03-D52B-02EF-1A76-ABE4C9E02C47}.Release|x86.Build.0 = Release|Any CPU
		{5802E9D0-D816-0ADF-1378-59957D804758}.DC|Any CPU.ActiveCfg = DebugCopy|Any CPU
		{5802E9D0-D816-0ADF-1378-59957D804758}.DC|Any CPU.Build.0 = DebugCopy|Any CPU
		{5802E9D0-D816-0ADF-1378-59957D804758}.DC|x64.ActiveCfg = DebugCopy|Any CPU
		{5802E9D0-D816-0ADF-1378-59957D804758}.DC|x64.Build.0 = DebugCopy|Any CPU
		{5802E9D0-D816-0ADF-1378-59957D804758}.DC|x86.ActiveCfg = DebugCopy|Any CPU
		{5802E9D0-D816-0ADF-1378-59957D804758}.DC|x86.Build.0 = DebugCopy|Any CPU
		{5802E9D0-D816-0ADF-1378-59957D804758}.Debug|Any CPU.ActiveCfg = Debug|Any CPU
		{5802E9D0-D816-0ADF-1378-59957D804758}.Debug|Any CPU.Build.0 = Debug|Any CPU
		{5802E9D0-D816-0ADF-1378-59957D804758}.Debug|x64.ActiveCfg = Debug|Any CPU
		{5802E9D0-D816-0ADF-1378-59957D804758}.Debug|x64.Build.0 = Debug|Any CPU
		{5802E9D0-D816-0ADF-1378-59957D804758}.Debug|x86.ActiveCfg = Debug|Any CPU
		{5802E9D0-D816-0ADF-1378-59957D804758}.Debug|x86.Build.0 = Debug|Any CPU
		{5802E9D0-D816-0ADF-1378-59957D804758}.DebugCopy|Any CPU.ActiveCfg = DebugCopy|Any CPU
		{5802E9D0-D816-0ADF-1378-59957D804758}.DebugCopy|Any CPU.Build.0 = DebugCopy|Any CPU
		{5802E9D0-D816-0ADF-1378-59957D804758}.DebugCopy|x64.ActiveCfg = DebugCopy|Any CPU
		{5802E9D0-D816-0ADF-1378-59957D804758}.DebugCopy|x64.Build.0 = DebugCopy|Any CPU
		{5802E9D0-D816-0ADF-1378-59957D804758}.DebugCopy|x86.ActiveCfg = DebugCopy|Any CPU
		{5802E9D0-D816-0ADF-1378-59957D804758}.DebugCopy|x86.Build.0 = DebugCopy|Any CPU
		{5802E9D0-D816-0ADF-1378-59957D804758}.Release|Any CPU.ActiveCfg = Release|Any CPU
		{5802E9D0-D816-0ADF-1378-59957D804758}.Release|Any CPU.Build.0 = Release|Any CPU
		{5802E9D0-D816-0ADF-1378-59957D804758}.Release|x64.ActiveCfg = Release|Any CPU
		{5802E9D0-D816-0ADF-1378-59957D804758}.Release|x64.Build.0 = Release|Any CPU
		{5802E9D0-D816-0ADF-1378-59957D804758}.Release|x86.ActiveCfg = Release|Any CPU
		{5802E9D0-D816-0ADF-1378-59957D804758}.Release|x86.Build.0 = Release|Any CPU
		{EB7FDE04-1593-476C-B408-F35301D2423D}.DC|Any CPU.ActiveCfg = DebugCopy|Any CPU
		{EB7FDE04-1593-476C-B408-F35301D2423D}.DC|Any CPU.Build.0 = DebugCopy|Any CPU
		{EB7FDE04-1593-476C-B408-F35301D2423D}.DC|x64.ActiveCfg = DebugCopy|Any CPU
		{EB7FDE04-1593-476C-B408-F35301D2423D}.DC|x64.Build.0 = DebugCopy|Any CPU
		{EB7FDE04-1593-476C-B408-F35301D2423D}.DC|x86.ActiveCfg = DebugCopy|Any CPU
		{EB7FDE04-1593-476C-B408-F35301D2423D}.DC|x86.Build.0 = DebugCopy|Any CPU
		{EB7FDE04-1593-476C-B408-F35301D2423D}.Debug|Any CPU.ActiveCfg = Debug|Any CPU
		{EB7FDE04-1593-476C-B408-F35301D2423D}.Debug|Any CPU.Build.0 = Debug|Any CPU
		{EB7FDE04-1593-476C-B408-F35301D2423D}.Debug|x64.ActiveCfg = Debug|Any CPU
		{EB7FDE04-1593-476C-B408-F35301D2423D}.Debug|x64.Build.0 = Debug|Any CPU
		{EB7FDE04-1593-476C-B408-F35301D2423D}.Debug|x86.ActiveCfg = Debug|Any CPU
		{EB7FDE04-1593-476C-B408-F35301D2423D}.Debug|x86.Build.0 = Debug|Any CPU
		{EB7FDE04-1593-476C-B408-F35301D2423D}.DebugCopy|Any CPU.ActiveCfg = DebugCopy|Any CPU
		{EB7FDE04-1593-476C-B408-F35301D2423D}.DebugCopy|Any CPU.Build.0 = DebugCopy|Any CPU
		{EB7FDE04-1593-476C-B408-F35301D2423D}.DebugCopy|x64.ActiveCfg = DebugCopy|Any CPU
		{EB7FDE04-1593-476C-B408-F35301D2423D}.DebugCopy|x64.Build.0 = DebugCopy|Any CPU
		{EB7FDE04-1593-476C-B408-F35301D2423D}.DebugCopy|x86.ActiveCfg = DebugCopy|Any CPU
		{EB7FDE04-1593-476C-B408-F35301D2423D}.DebugCopy|x86.Build.0 = DebugCopy|Any CPU
		{EB7FDE04-1593-476C-B408-F35301D2423D}.Release|Any CPU.ActiveCfg = Release|Any CPU
		{EB7FDE04-1593-476C-B408-F35301D2423D}.Release|Any CPU.Build.0 = Release|Any CPU
		{EB7FDE04-1593-476C-B408-F35301D2423D}.Release|x64.ActiveCfg = Release|Any CPU
		{EB7FDE04-1593-476C-B408-F35301D2423D}.Release|x64.Build.0 = Release|Any CPU
		{EB7FDE04-1593-476C-B408-F35301D2423D}.Release|x86.ActiveCfg = Release|Any CPU
		{EB7FDE04-1593-476C-B408-F35301D2423D}.Release|x86.Build.0 = Release|Any CPU
	EndGlobalSection
	GlobalSection(SolutionProperties) = preSolution
		HideSolutionNode = FALSE
	EndGlobalSection
	GlobalSection(NestedProjects) = preSolution
		{49A1D80A-314F-44E1-8F3F-DD801E45DD06} = {2BB59F42-A1D7-447D-AD51-7DE6E88D6E7F}
		{FABE9657-B939-42D5-80D3-2B13FAF043A6} = {2BB59F42-A1D7-447D-AD51-7DE6E88D6E7F}
	EndGlobalSection
	GlobalSection(ExtensibilityGlobals) = postSolution
		SolutionGuid = {F35FE2AE-B284-4986-A970-6B6B44E6BF89}
	EndGlobalSection
EndGlobal
